lockfileVersion: '9.0'

settings:
  autoInstallPeers: true
  excludeLinksFromLockfile: false

importers:

  .:
    dependencies:
      '@primevue/core':
        specifier: ^4.2.5
        version: 4.3.2(vue@3.5.13)
      '@primevue/themes':
        specifier: ^4.2.5
        version: 4.3.2
      ag-grid-community:
        specifier: ^33.1.1
        version: 33.2.1
      ag-grid-enterprise:
        specifier: ^33.1.1
        version: 33.2.1
      ag-grid-vue3:
        specifier: ^33.1.1
        version: 33.2.1(vue@3.5.13)
      primeicons:
        specifier: ^7.0.0
        version: 7.0.0
      primevue:
        specifier: ^4.2.5
        version: 4.3.2(vue@3.5.13)
      vue:
        specifier: ^3.5.13
        version: 3.5.13
    devDependencies:
      '@primevue/auto-import-resolver':
        specifier: ^4.2.5
        version: 4.3.2
      '@vitejs/plugin-vue':
        specifier: ^5.2.1
        version: 5.2.3(vite@6.2.3)(vue@3.5.13)
      unplugin-vue-components:
        specifier: ^0.28.0
        version: 0.28.0(@babel/parser@7.27.0)(rollup@4.37.0)(vue@3.5.13)
      vite:
        specifier: ^6.2.0
        version: 6.2.3

packages:

  '@antfu/utils@0.7.10':
    resolution: {integrity: sha512-+562v9k4aI80m1+VuMHehNJWLOFjBnXn3tdOitzD0il5b7smkSBal4+a3oKiQTbrwMmN/TBUMDvbdoWDehgOww==, tarball: https://registry.npmmirror.com/@antfu/utils/-/utils-0.7.10.tgz}

  '@babel/helper-string-parser@7.25.9':
    resolution: {integrity: sha512-4A/SCr/2KLd5jrtOMFzaKjVtAei3+2r/NChoBNoZ3EyP/+GlhoaEGoWOZUmFmoITP7zOJyHIMm+DYRd8o3PvHA==, tarball: https://registry.npmmirror.com/@babel/helper-string-parser/-/helper-string-parser-7.25.9.tgz}
    engines: {node: '>=6.9.0'}

  '@babel/helper-validator-identifier@7.25.9':
    resolution: {integrity: sha512-Ed61U6XJc3CVRfkERJWDz4dJwKe7iLmmJsbOGu9wSloNSFttHV0I8g6UAgb7qnK5ly5bGLPd4oXZlxCdANBOWQ==, tarball: https://registry.npmmirror.com/@babel/helper-validator-identifier/-/helper-validator-identifier-7.25.9.tgz}
    engines: {node: '>=6.9.0'}

  '@babel/parser@7.27.0':
    resolution: {integrity: sha512-iaepho73/2Pz7w2eMS0Q5f83+0RKI7i4xmiYeBmDzfRVbQtTOG7Ts0S4HzJVsTMGI9keU8rNfuZr8DKfSt7Yyg==, tarball: https://registry.npmmirror.com/@babel/parser/-/parser-7.27.0.tgz}
    engines: {node: '>=6.0.0'}
    hasBin: true

  '@babel/types@7.27.0':
    resolution: {integrity: sha512-H45s8fVLYjbhFH62dIJ3WtmJ6RSPt/3DRO0ZcT2SUiYiQyz3BLVb9ADEnLl91m74aQPS3AzzeajZHYOalWe3bg==, tarball: https://registry.npmmirror.com/@babel/types/-/types-7.27.0.tgz}
    engines: {node: '>=6.9.0'}

  '@esbuild/aix-ppc64@0.25.1':
    resolution: {integrity: sha512-kfYGy8IdzTGy+z0vFGvExZtxkFlA4zAxgKEahG9KE1ScBjpQnFsNOX8KTU5ojNru5ed5CVoJYXFtoxaq5nFbjQ==}
    engines: {node: '>=18'}
    cpu: [ppc64]
    os: [aix]

  '@esbuild/android-arm64@0.25.1':
    resolution: {integrity: sha512-50tM0zCJW5kGqgG7fQ7IHvQOcAn9TKiVRuQ/lN0xR+T2lzEFvAi1ZcS8DiksFcEpf1t/GYOeOfCAgDHFpkiSmA==}
    engines: {node: '>=18'}
    cpu: [arm64]
    os: [android]

  '@esbuild/android-arm@0.25.1':
    resolution: {integrity: sha512-dp+MshLYux6j/JjdqVLnMglQlFu+MuVeNrmT5nk6q07wNhCdSnB7QZj+7G8VMUGh1q+vj2Bq8kRsuyA00I/k+Q==}
    engines: {node: '>=18'}
    cpu: [arm]
    os: [android]

  '@esbuild/android-x64@0.25.1':
    resolution: {integrity: sha512-GCj6WfUtNldqUzYkN/ITtlhwQqGWu9S45vUXs7EIYf+7rCiiqH9bCloatO9VhxsL0Pji+PF4Lz2XXCES+Q8hDw==}
    engines: {node: '>=18'}
    cpu: [x64]
    os: [android]

  '@esbuild/darwin-arm64@0.25.1':
    resolution: {integrity: sha512-5hEZKPf+nQjYoSr/elb62U19/l1mZDdqidGfmFutVUjjUZrOazAtwK+Kr+3y0C/oeJfLlxo9fXb1w7L+P7E4FQ==}
    engines: {node: '>=18'}
    cpu: [arm64]
    os: [darwin]

  '@esbuild/darwin-x64@0.25.1':
    resolution: {integrity: sha512-hxVnwL2Dqs3fM1IWq8Iezh0cX7ZGdVhbTfnOy5uURtao5OIVCEyj9xIzemDi7sRvKsuSdtCAhMKarxqtlyVyfA==}
    engines: {node: '>=18'}
    cpu: [x64]
    os: [darwin]

  '@esbuild/freebsd-arm64@0.25.1':
    resolution: {integrity: sha512-1MrCZs0fZa2g8E+FUo2ipw6jw5qqQiH+tERoS5fAfKnRx6NXH31tXBKI3VpmLijLH6yriMZsxJtaXUyFt/8Y4A==}
    engines: {node: '>=18'}
    cpu: [arm64]
    os: [freebsd]

  '@esbuild/freebsd-x64@0.25.1':
    resolution: {integrity: sha512-0IZWLiTyz7nm0xuIs0q1Y3QWJC52R8aSXxe40VUxm6BB1RNmkODtW6LHvWRrGiICulcX7ZvyH6h5fqdLu4gkww==}
    engines: {node: '>=18'}
    cpu: [x64]
    os: [freebsd]

  '@esbuild/linux-arm64@0.25.1':
    resolution: {integrity: sha512-jaN3dHi0/DDPelk0nLcXRm1q7DNJpjXy7yWaWvbfkPvI+7XNSc/lDOnCLN7gzsyzgu6qSAmgSvP9oXAhP973uQ==}
    engines: {node: '>=18'}
    cpu: [arm64]
    os: [linux]

  '@esbuild/linux-arm@0.25.1':
    resolution: {integrity: sha512-NdKOhS4u7JhDKw9G3cY6sWqFcnLITn6SqivVArbzIaf3cemShqfLGHYMx8Xlm/lBit3/5d7kXvriTUGa5YViuQ==}
    engines: {node: '>=18'}
    cpu: [arm]
    os: [linux]

  '@esbuild/linux-ia32@0.25.1':
    resolution: {integrity: sha512-OJykPaF4v8JidKNGz8c/q1lBO44sQNUQtq1KktJXdBLn1hPod5rE/Hko5ugKKZd+D2+o1a9MFGUEIUwO2YfgkQ==}
    engines: {node: '>=18'}
    cpu: [ia32]
    os: [linux]

  '@esbuild/linux-loong64@0.25.1':
    resolution: {integrity: sha512-nGfornQj4dzcq5Vp835oM/o21UMlXzn79KobKlcs3Wz9smwiifknLy4xDCLUU0BWp7b/houtdrgUz7nOGnfIYg==}
    engines: {node: '>=18'}
    cpu: [loong64]
    os: [linux]

  '@esbuild/linux-mips64el@0.25.1':
    resolution: {integrity: sha512-1osBbPEFYwIE5IVB/0g2X6i1qInZa1aIoj1TdL4AaAb55xIIgbg8Doq6a5BzYWgr+tEcDzYH67XVnTmUzL+nXg==}
    engines: {node: '>=18'}
    cpu: [mips64el]
    os: [linux]

  '@esbuild/linux-ppc64@0.25.1':
    resolution: {integrity: sha512-/6VBJOwUf3TdTvJZ82qF3tbLuWsscd7/1w+D9LH0W/SqUgM5/JJD0lrJ1fVIfZsqB6RFmLCe0Xz3fmZc3WtyVg==}
    engines: {node: '>=18'}
    cpu: [ppc64]
    os: [linux]

  '@esbuild/linux-riscv64@0.25.1':
    resolution: {integrity: sha512-nSut/Mx5gnilhcq2yIMLMe3Wl4FK5wx/o0QuuCLMtmJn+WeWYoEGDN1ipcN72g1WHsnIbxGXd4i/MF0gTcuAjQ==}
    engines: {node: '>=18'}
    cpu: [riscv64]
    os: [linux]

  '@esbuild/linux-s390x@0.25.1':
    resolution: {integrity: sha512-cEECeLlJNfT8kZHqLarDBQso9a27o2Zd2AQ8USAEoGtejOrCYHNtKP8XQhMDJMtthdF4GBmjR2au3x1udADQQQ==}
    engines: {node: '>=18'}
    cpu: [s390x]
    os: [linux]

  '@esbuild/linux-x64@0.25.1':
    resolution: {integrity: sha512-xbfUhu/gnvSEg+EGovRc+kjBAkrvtk38RlerAzQxvMzlB4fXpCFCeUAYzJvrnhFtdeyVCDANSjJvOvGYoeKzFA==}
    engines: {node: '>=18'}
    cpu: [x64]
    os: [linux]

  '@esbuild/netbsd-arm64@0.25.1':
    resolution: {integrity: sha512-O96poM2XGhLtpTh+s4+nP7YCCAfb4tJNRVZHfIE7dgmax+yMP2WgMd2OecBuaATHKTHsLWHQeuaxMRnCsH8+5g==}
    engines: {node: '>=18'}
    cpu: [arm64]
    os: [netbsd]

  '@esbuild/netbsd-x64@0.25.1':
    resolution: {integrity: sha512-X53z6uXip6KFXBQ+Krbx25XHV/NCbzryM6ehOAeAil7X7oa4XIq+394PWGnwaSQ2WRA0KI6PUO6hTO5zeF5ijA==}
    engines: {node: '>=18'}
    cpu: [x64]
    os: [netbsd]

  '@esbuild/openbsd-arm64@0.25.1':
    resolution: {integrity: sha512-Na9T3szbXezdzM/Kfs3GcRQNjHzM6GzFBeU1/6IV/npKP5ORtp9zbQjvkDJ47s6BCgaAZnnnu/cY1x342+MvZg==}
    engines: {node: '>=18'}
    cpu: [arm64]
    os: [openbsd]

  '@esbuild/openbsd-x64@0.25.1':
    resolution: {integrity: sha512-T3H78X2h1tszfRSf+txbt5aOp/e7TAz3ptVKu9Oyir3IAOFPGV6O9c2naym5TOriy1l0nNf6a4X5UXRZSGX/dw==}
    engines: {node: '>=18'}
    cpu: [x64]
    os: [openbsd]

  '@esbuild/sunos-x64@0.25.1':
    resolution: {integrity: sha512-2H3RUvcmULO7dIE5EWJH8eubZAI4xw54H1ilJnRNZdeo8dTADEZ21w6J22XBkXqGJbe0+wnNJtw3UXRoLJnFEg==}
    engines: {node: '>=18'}
    cpu: [x64]
    os: [sunos]

  '@esbuild/win32-arm64@0.25.1':
    resolution: {integrity: sha512-GE7XvrdOzrb+yVKB9KsRMq+7a2U/K5Cf/8grVFRAGJmfADr/e/ODQ134RK2/eeHqYV5eQRFxb1hY7Nr15fv1NQ==}
    engines: {node: '>=18'}
    cpu: [arm64]
    os: [win32]

  '@esbuild/win32-ia32@0.25.1':
    resolution: {integrity: sha512-uOxSJCIcavSiT6UnBhBzE8wy3n0hOkJsBOzy7HDAuTDE++1DJMRRVCPGisULScHL+a/ZwdXPpXD3IyFKjA7K8A==}
    engines: {node: '>=18'}
    cpu: [ia32]
    os: [win32]

  '@esbuild/win32-x64@0.25.1':
    resolution: {integrity: sha512-Y1EQdcfwMSeQN/ujR5VayLOJ1BHaK+ssyk0AEzPjC+t1lITgsnccPqFjb6V+LsTp/9Iov4ysfjxLaGJ9RPtkVg==}
    engines: {node: '>=18'}
    cpu: [x64]
    os: [win32]

  '@jridgewell/sourcemap-codec@1.5.0':
    resolution: {integrity: sha512-gv3ZRaISU3fjPAgNsriBRqGWQL6quFx04YMPW/zD8XMLsU32mhCCbfbO6KZFLjvYpCZ8zyDEgqsgf+PwPaM7GQ==, tarball: https://registry.npmmirror.com/@jridgewell/sourcemap-codec/-/sourcemap-codec-1.5.0.tgz}

  '@nodelib/fs.scandir@2.1.5':
    resolution: {integrity: sha512-vq24Bq3ym5HEQm2NKCr3yXDwjc7vTsEThRDnkp2DK9p1uqLR+DHurm/NOTo0KG7HYHU7eppKZj3MyqYuMBf62g==, tarball: https://registry.npmmirror.com/@nodelib/fs.scandir/-/fs.scandir-2.1.5.tgz}
    engines: {node: '>= 8'}

  '@nodelib/fs.stat@2.0.5':
    resolution: {integrity: sha512-RkhPPp2zrqDAQA/2jNhnztcPAlv64XdhIp7a7454A5ovI7Bukxgt7MX7udwAu3zg1DcpPU0rz3VV1SeaqvY4+A==, tarball: https://registry.npmmirror.com/@nodelib/fs.stat/-/fs.stat-2.0.5.tgz}
    engines: {node: '>= 8'}

  '@nodelib/fs.walk@1.2.8':
    resolution: {integrity: sha512-oGB+UxlgWcgQkgwo8GcEGwemoTFt3FIO9ababBmaGwXIoBKZ+GTy0pP185beGg7Llih/NSHSV2XAs1lnznocSg==, tarball: https://registry.npmmirror.com/@nodelib/fs.walk/-/fs.walk-1.2.8.tgz}
    engines: {node: '>= 8'}

  '@primeuix/styled@0.5.0':
    resolution: {integrity: sha512-k5CTQ+10cXIXxZTep7sktmYe8lJkjmUaFVDAc1OCsWTJR+bhBy/s6zWIatGljVtuf3RmTSxtlrHQeFLjPmdUNQ==, tarball: https://registry.npmmirror.com/@primeuix/styled/-/styled-0.5.0.tgz}
    engines: {node: '>=12.11.0'}

  '@primeuix/styles@1.0.0':
    resolution: {integrity: sha512-j/TlbqihLNMP37zFNjxac5dTRaQEf5Ldrv0P7NwKigCCc/+MI5j4MddxDw1LnxkGhWCJ1Gjbt9uwyQteWtSv7A==, tarball: https://registry.npmmirror.com/@primeuix/styles/-/styles-1.0.0.tgz}

  '@primeuix/themes@1.0.0':
    resolution: {integrity: sha512-fxUgcAP9H6FeytbE8c4QvRt8aBnoyZJqvtnnVwHT8PHr1dNSnC1nYKGrXpebcx3SpNy9Hp9oVidGsl6u61+pXQ==, tarball: https://registry.npmmirror.com/@primeuix/themes/-/themes-1.0.0.tgz}

  '@primeuix/utils@0.5.1':
    resolution: {integrity: sha512-/bYirtF3gJOGrRQfQ5tUyQOLEria7wg/UCqvpIydTAxLmj/UWgWwh2kAjYVp49eldm1+2sk4+TDkbAz8XcPpew==, tarball: https://registry.npmmirror.com/@primeuix/utils/-/utils-0.5.1.tgz}
    engines: {node: '>=12.11.0'}

  '@primevue/auto-import-resolver@4.3.2':
    resolution: {integrity: sha512-9SPA8gBUowWPZioGhE97xScOdPs6oqgTxeb30v05IKdNE8wAzapeNPj/Bx9ic7wRcH4+QD+3z8CKOrV2bJAA0A==, tarball: https://registry.npmmirror.com/@primevue/auto-import-resolver/-/auto-import-resolver-4.3.2.tgz}
    engines: {node: '>=12.11.0'}

  '@primevue/core@4.3.2':
    resolution: {integrity: sha512-8ghF6PdYKw77rLFZRl8C8kLHMKFMPg8f7xiPQIvLG0Cxl+FKsBrGp0xQxnEXsp2+6NX3Pv1jysrQjxSnuufz4w==, tarball: https://registry.npmmirror.com/@primevue/core/-/core-4.3.2.tgz}
    engines: {node: '>=12.11.0'}
    peerDependencies:
      vue: ^3.5.0

  '@primevue/icons@4.3.2':
    resolution: {integrity: sha512-sT9MZQ7GNmi/pfpMFdHejt3s3Q5kIN6pV/xi5n21KbpQsgsXnQBYq/fyx+sfKvbUfDvYYIpKDSWXj6RYR3zIdw==, tarball: https://registry.npmmirror.com/@primevue/icons/-/icons-4.3.2.tgz}
    engines: {node: '>=12.11.0'}

  '@primevue/metadata@4.3.2':
    resolution: {integrity: sha512-LMfm9MGlIbS40JWCibBnf4aLbSciwnS5w0/3qo961hzaeWkjg93P7tSa6cR7JRRd80meUyMjXQb6O0e0JNxb1A==, tarball: https://registry.npmmirror.com/@primevue/metadata/-/metadata-4.3.2.tgz}
    engines: {node: '>=12.11.0'}

  '@primevue/themes@4.3.2':
    resolution: {integrity: sha512-Rw+8S1Mcg4ZsozOxSX00VpzQTEilAltTNdEn49lIH/4dUZeRu1OkxCxc3YUI5DftgJiN1frGHIEO4rzUdhbCBA==, tarball: https://registry.npmmirror.com/@primevue/themes/-/themes-4.3.2.tgz}
    engines: {node: '>=12.11.0'}
    deprecated: This package is deprecated. Use @primeuix/themes instead.

  '@rollup/pluginutils@5.1.4':
    resolution: {integrity: sha512-USm05zrsFxYLPdWWq+K3STlWiT/3ELn3RcV5hJMghpeAIhxfsUIg6mt12CBJBInWMV4VneoV7SfGv8xIwo2qNQ==, tarball: https://registry.npmmirror.com/@rollup/pluginutils/-/pluginutils-5.1.4.tgz}
    engines: {node: '>=14.0.0'}
    peerDependencies:
      rollup: ^1.20.0||^2.0.0||^3.0.0||^4.0.0
    peerDependenciesMeta:
      rollup:
        optional: true

  '@rollup/rollup-android-arm-eabi@4.37.0':
    resolution: {integrity: sha512-l7StVw6WAa8l3vA1ov80jyetOAEo1FtHvZDbzXDO/02Sq/QVvqlHkYoFwDJPIMj0GKiistsBudfx5tGFnwYWDQ==}
    cpu: [arm]
    os: [android]

  '@rollup/rollup-android-arm64@4.37.0':
    resolution: {integrity: sha512-6U3SlVyMxezt8Y+/iEBcbp945uZjJwjZimu76xoG7tO1av9VO691z8PkhzQ85ith2I8R2RddEPeSfcbyPfD4hA==}
    cpu: [arm64]
    os: [android]

  '@rollup/rollup-darwin-arm64@4.37.0':
    resolution: {integrity: sha512-+iTQ5YHuGmPt10NTzEyMPbayiNTcOZDWsbxZYR1ZnmLnZxG17ivrPSWFO9j6GalY0+gV3Jtwrrs12DBscxnlYA==}
    cpu: [arm64]
    os: [darwin]

  '@rollup/rollup-darwin-x64@4.37.0':
    resolution: {integrity: sha512-m8W2UbxLDcmRKVjgl5J/k4B8d7qX2EcJve3Sut7YGrQoPtCIQGPH5AMzuFvYRWZi0FVS0zEY4c8uttPfX6bwYQ==}
    cpu: [x64]
    os: [darwin]

  '@rollup/rollup-freebsd-arm64@4.37.0':
    resolution: {integrity: sha512-FOMXGmH15OmtQWEt174v9P1JqqhlgYge/bUjIbiVD1nI1NeJ30HYT9SJlZMqdo1uQFyt9cz748F1BHghWaDnVA==}
    cpu: [arm64]
    os: [freebsd]

  '@rollup/rollup-freebsd-x64@4.37.0':
    resolution: {integrity: sha512-SZMxNttjPKvV14Hjck5t70xS3l63sbVwl98g3FlVVx2YIDmfUIy29jQrsw06ewEYQ8lQSuY9mpAPlmgRD2iSsA==}
    cpu: [x64]
    os: [freebsd]

  '@rollup/rollup-linux-arm-gnueabihf@4.37.0':
    resolution: {integrity: sha512-hhAALKJPidCwZcj+g+iN+38SIOkhK2a9bqtJR+EtyxrKKSt1ynCBeqrQy31z0oWU6thRZzdx53hVgEbRkuI19w==}
    cpu: [arm]
    os: [linux]
    libc: [glibc]

  '@rollup/rollup-linux-arm-musleabihf@4.37.0':
    resolution: {integrity: sha512-jUb/kmn/Gd8epbHKEqkRAxq5c2EwRt0DqhSGWjPFxLeFvldFdHQs/n8lQ9x85oAeVb6bHcS8irhTJX2FCOd8Ag==}
    cpu: [arm]
    os: [linux]
    libc: [musl]

  '@rollup/rollup-linux-arm64-gnu@4.37.0':
    resolution: {integrity: sha512-oNrJxcQT9IcbcmKlkF+Yz2tmOxZgG9D9GRq+1OE6XCQwCVwxixYAa38Z8qqPzQvzt1FCfmrHX03E0pWoXm1DqA==}
    cpu: [arm64]
    os: [linux]
    libc: [glibc]

  '@rollup/rollup-linux-arm64-musl@4.37.0':
    resolution: {integrity: sha512-pfxLBMls+28Ey2enpX3JvjEjaJMBX5XlPCZNGxj4kdJyHduPBXtxYeb8alo0a7bqOoWZW2uKynhHxF/MWoHaGQ==}
    cpu: [arm64]
    os: [linux]
    libc: [musl]

  '@rollup/rollup-linux-loongarch64-gnu@4.37.0':
    resolution: {integrity: sha512-yCE0NnutTC/7IGUq/PUHmoeZbIwq3KRh02e9SfFh7Vmc1Z7atuJRYWhRME5fKgT8aS20mwi1RyChA23qSyRGpA==}
    cpu: [loong64]
    os: [linux]
    libc: [glibc]

  '@rollup/rollup-linux-powerpc64le-gnu@4.37.0':
    resolution: {integrity: sha512-NxcICptHk06E2Lh3a4Pu+2PEdZ6ahNHuK7o6Np9zcWkrBMuv21j10SQDJW3C9Yf/A/P7cutWoC/DptNLVsZ0VQ==}
    cpu: [ppc64]
    os: [linux]
    libc: [glibc]

  '@rollup/rollup-linux-riscv64-gnu@4.37.0':
    resolution: {integrity: sha512-PpWwHMPCVpFZLTfLq7EWJWvrmEuLdGn1GMYcm5MV7PaRgwCEYJAwiN94uBuZev0/J/hFIIJCsYw4nLmXA9J7Pw==}
    cpu: [riscv64]
    os: [linux]
    libc: [glibc]

  '@rollup/rollup-linux-riscv64-musl@4.37.0':
    resolution: {integrity: sha512-DTNwl6a3CfhGTAOYZ4KtYbdS8b+275LSLqJVJIrPa5/JuIufWWZ/QFvkxp52gpmguN95eujrM68ZG+zVxa8zHA==}
    cpu: [riscv64]
    os: [linux]
    libc: [musl]

  '@rollup/rollup-linux-s390x-gnu@4.37.0':
    resolution: {integrity: sha512-hZDDU5fgWvDdHFuExN1gBOhCuzo/8TMpidfOR+1cPZJflcEzXdCy1LjnklQdW8/Et9sryOPJAKAQRw8Jq7Tg+A==}
    cpu: [s390x]
    os: [linux]
    libc: [glibc]

  '@rollup/rollup-linux-x64-gnu@4.37.0':
    resolution: {integrity: sha512-pKivGpgJM5g8dwj0ywBwe/HeVAUSuVVJhUTa/URXjxvoyTT/AxsLTAbkHkDHG7qQxLoW2s3apEIl26uUe08LVQ==}
    cpu: [x64]
    os: [linux]
    libc: [glibc]

  '@rollup/rollup-linux-x64-musl@4.37.0':
    resolution: {integrity: sha512-E2lPrLKE8sQbY/2bEkVTGDEk4/49UYRVWgj90MY8yPjpnGBQ+Xi1Qnr7b7UIWw1NOggdFQFOLZ8+5CzCiz143w==}
    cpu: [x64]
    os: [linux]
    libc: [musl]

  '@rollup/rollup-win32-arm64-msvc@4.37.0':
    resolution: {integrity: sha512-Jm7biMazjNzTU4PrQtr7VS8ibeys9Pn29/1bm4ph7CP2kf21950LgN+BaE2mJ1QujnvOc6p54eWWiVvn05SOBg==}
    cpu: [arm64]
    os: [win32]

  '@rollup/rollup-win32-ia32-msvc@4.37.0':
    resolution: {integrity: sha512-e3/1SFm1OjefWICB2Ucstg2dxYDkDTZGDYgwufcbsxTHyqQps1UQf33dFEChBNmeSsTOyrjw2JJq0zbG5GF6RA==}
    cpu: [ia32]
    os: [win32]

  '@rollup/rollup-win32-x64-msvc@4.37.0':
    resolution: {integrity: sha512-LWbXUBwn/bcLx2sSsqy7pK5o+Nr+VCoRoAohfJ5C/aBio9nfJmGQqHAhU6pwxV/RmyTk5AqdySma7uwWGlmeuA==}
    cpu: [x64]
    os: [win32]

  '@types/estree@1.0.6':
    resolution: {integrity: sha512-AYnb1nQyY49te+VRAVgmzfcgjYS91mY5P0TKUDCLEM+gNnA+3T6rWITXRLYCpahpqSQbN5cE+gHpnPyXjHWxcw==, tarball: https://registry.npmmirror.com/@types/estree/-/estree-1.0.6.tgz}

  '@types/estree@1.0.7':
    resolution: {integrity: sha512-w28IoSUCJpidD/TGviZwwMJckNESJZXFu7NBZ5YJ4mEUnNraUn9Pm8HSZm/jDF1pDWYKspWE7oVphigUPRakIQ==, tarball: https://registry.npmmirror.com/@types/estree/-/estree-1.0.7.tgz}

  '@vitejs/plugin-vue@5.2.3':
    resolution: {integrity: sha512-IYSLEQj4LgZZuoVpdSUCw3dIynTWQgPlaRP6iAvMle4My0HdYwr5g5wQAfwOeHQBmYwEkqF70nRpSilr6PoUDg==, tarball: https://registry.npmmirror.com/@vitejs/plugin-vue/-/plugin-vue-5.2.3.tgz}
    engines: {node: ^18.0.0 || >=20.0.0}
    peerDependencies:
      vite: ^5.0.0 || ^6.0.0
      vue: ^3.2.25

  '@vue/compiler-core@3.5.13':
    resolution: {integrity: sha512-oOdAkwqUfW1WqpwSYJce06wvt6HljgY3fGeM9NcVA1HaYOij3mZG9Rkysn0OHuyUAGMbEbARIpsG+LPVlBJ5/Q==, tarball: https://registry.npmmirror.com/@vue/compiler-core/-/compiler-core-3.5.13.tgz}

  '@vue/compiler-dom@3.5.13':
    resolution: {integrity: sha512-ZOJ46sMOKUjO3e94wPdCzQ6P1Lx/vhp2RSvfaab88Ajexs0AHeV0uasYhi99WPaogmBlRHNRuly8xV75cNTMDA==, tarball: https://registry.npmmirror.com/@vue/compiler-dom/-/compiler-dom-3.5.13.tgz}

  '@vue/compiler-sfc@3.5.13':
    resolution: {integrity: sha512-6VdaljMpD82w6c2749Zhf5T9u5uLBWKnVue6XWxprDobftnletJ8+oel7sexFfM3qIxNmVE7LSFGTpv6obNyaQ==, tarball: https://registry.npmmirror.com/@vue/compiler-sfc/-/compiler-sfc-3.5.13.tgz}

  '@vue/compiler-ssr@3.5.13':
    resolution: {integrity: sha512-wMH6vrYHxQl/IybKJagqbquvxpWCuVYpoUJfCqFZwa/JY1GdATAQ+TgVtgrwwMZ0D07QhA99rs/EAAWfvG6KpA==, tarball: https://registry.npmmirror.com/@vue/compiler-ssr/-/compiler-ssr-3.5.13.tgz}

  '@vue/reactivity@3.5.13':
    resolution: {integrity: sha512-NaCwtw8o48B9I6L1zl2p41OHo/2Z4wqYGGIK1Khu5T7yxrn+ATOixn/Udn2m+6kZKB/J7cuT9DbWWhRxqixACg==, tarball: https://registry.npmmirror.com/@vue/reactivity/-/reactivity-3.5.13.tgz}

  '@vue/runtime-core@3.5.13':
    resolution: {integrity: sha512-Fj4YRQ3Az0WTZw1sFe+QDb0aXCerigEpw418pw1HBUKFtnQHWzwojaukAs2X/c9DQz4MQ4bsXTGlcpGxU/RCIw==, tarball: https://registry.npmmirror.com/@vue/runtime-core/-/runtime-core-3.5.13.tgz}

  '@vue/runtime-dom@3.5.13':
    resolution: {integrity: sha512-dLaj94s93NYLqjLiyFzVs9X6dWhTdAlEAciC3Moq7gzAc13VJUdCnjjRurNM6uTLFATRHexHCTu/Xp3eW6yoog==, tarball: https://registry.npmmirror.com/@vue/runtime-dom/-/runtime-dom-3.5.13.tgz}

  '@vue/server-renderer@3.5.13':
    resolution: {integrity: sha512-wAi4IRJV/2SAW3htkTlB+dHeRmpTiVIK1OGLWV1yeStVSebSQQOwGwIq0D3ZIoBj2C2qpgz5+vX9iEBkTdk5YA==, tarball: https://registry.npmmirror.com/@vue/server-renderer/-/server-renderer-3.5.13.tgz}
    peerDependencies:
      vue: 3.5.13

  '@vue/shared@3.5.13':
    resolution: {integrity: sha512-/hnE/qP5ZoGpol0a5mDi45bOd7t3tjYJBjsgCsivow7D48cJeV5l05RD82lPqi7gRiphZM37rnhW1l6ZoCNNnQ==, tarball: https://registry.npmmirror.com/@vue/shared/-/shared-3.5.13.tgz}

  acorn@8.14.1:
    resolution: {integrity: sha512-OvQ/2pUDKmgfCg++xsTX1wGxfTaszcHVcTctW4UJB4hibJx2HXxxO5UmVgyjMa+ZDsiaf5wWLXYpRWMmBI0QHg==, tarball: https://registry.npmmirror.com/acorn/-/acorn-8.14.1.tgz}
    engines: {node: '>=0.4.0'}
    hasBin: true

  ag-charts-community@11.2.1:
    resolution: {integrity: sha512-2UAPFyQfLyGPINPwT9V/7mPn986sc58ueXWvMEjQGsGD632P1JnZSlzZePWqkkn1rxALAPEsX16JS36tvAz6Aw==}

  ag-charts-core@11.2.1:
    resolution: {integrity: sha512-rrMzhnxUZMVOpOrojD687RIbW/91wwp2hCX9aynE+DtyTxlnhATD3BgXKQmQCneyM+ku3t1bweCkB3VV4l7F9g==, tarball: https://registry.npmmirror.com/ag-charts-core/-/ag-charts-core-11.2.1.tgz}

  ag-charts-enterprise@11.2.1:
    resolution: {integrity: sha512-0W/+GoUkyLGZ9WpAZJV1cw4AdUEa1Fbj0cQ3Ghlra5Jk1FF91sgn1mNX4gC7PhwFd7P2PZwNpaKUf/AngAVlpQ==}

  ag-charts-locale@11.2.1:
    resolution: {integrity: sha512-6pVKUFcgGJWamUJfo0KtISB/napsQpcl8hJTT7D05C9j94bpMhWsZaQEEW9qUyBUvMC0zOvfBko+Tt5f7L763Q==, tarball: https://registry.npmmirror.com/ag-charts-locale/-/ag-charts-locale-11.2.1.tgz}

  ag-charts-types@11.2.1:
    resolution: {integrity: sha512-uzN1OUEn5nCFDZ4GTNkYHpg+6hbF+NamIwUOK/aSHBRvJxJU9/sK+K1QkqYpU912mHtpAZ9x0zEddr2sw6pT2Q==, tarball: https://registry.npmmirror.com/ag-charts-types/-/ag-charts-types-11.2.1.tgz}

  ag-grid-community@33.2.1:
    resolution: {integrity: sha512-eQVRv+x8C3+T2weBux7Y+SN6IMs4lYJjTmNSfm/OX3ANH3GsscvqRiOxoV/R+hQWL7GUXOCLPZHFzZpzSdk0xg==, tarball: https://registry.npmmirror.com/ag-grid-community/-/ag-grid-community-33.2.1.tgz}

  ag-grid-enterprise@33.2.1:
    resolution: {integrity: sha512-HuTMTQfo/4I6HZcUoMAXPMJLS+OHwhx5JRjLJquPHxWbTNcHujk5Q8GMqfxkcL4WOaKGba7rfbwAB4CZ69Qa8g==, tarball: https://registry.npmmirror.com/ag-grid-enterprise/-/ag-grid-enterprise-33.2.1.tgz}

  ag-grid-vue3@33.2.1:
    resolution: {integrity: sha512-lnhMP3yNbyEKuWvb0S6r8KfdzQgVz70KnNOeZjHrbvRJt9bGpYiyfjHSPQ4GuFM4sEhpreN97wvOGorwf4Le1A==, tarball: https://registry.npmmirror.com/ag-grid-vue3/-/ag-grid-vue3-33.2.1.tgz}
    peerDependencies:
      vue: ^3.5.0

  anymatch@3.1.3:
    resolution: {integrity: sha512-KMReFUr0B4t+D+OBkjR3KYqvocp2XaSzO55UcB6mgQMd3KbcE+mWTyvVV7D/zsdEbNnV6acZUutkiHQXvTr1Rw==, tarball: https://registry.npmmirror.com/anymatch/-/anymatch-3.1.3.tgz}
    engines: {node: '>= 8'}

  balanced-match@1.0.2:
    resolution: {integrity: sha512-3oSeUO0TMV67hN1AmbXsK4yaqU7tjiHlbxRDZOpH0KW9+CeX4bRAaX0Anxt0tx2MrpRpWwQaPwIlISEJhYU5Pw==, tarball: https://registry.npmmirror.com/balanced-match/-/balanced-match-1.0.2.tgz}

  binary-extensions@2.3.0:
    resolution: {integrity: sha512-Ceh+7ox5qe7LJuLHoY0feh3pHuUDHAcRUeyL2VYghZwfpkNIy/+8Ocg0a3UuSoYzavmylwuLWQOf3hl0jjMMIw==, tarball: https://registry.npmmirror.com/binary-extensions/-/binary-extensions-2.3.0.tgz}
    engines: {node: '>=8'}

  brace-expansion@2.0.1:
    resolution: {integrity: sha512-XnAIvQ8eM+kC6aULx6wuQiwVsnzsi9d3WxzV3FpWTGA19F621kwdbsAcFKXgKUHZWsy+mY6iL1sHTxWEFCytDA==, tarball: https://registry.npmmirror.com/brace-expansion/-/brace-expansion-2.0.1.tgz}

  braces@3.0.3:
    resolution: {integrity: sha512-yQbXgO/OSZVD2IsiLlro+7Hf6Q18EJrKSEsdoMzKePKXct3gvD8oLcOQdIzGupr5Fj+EDe8gO/lxc1BzfMpxvA==, tarball: https://registry.npmmirror.com/braces/-/braces-3.0.3.tgz}
    engines: {node: '>=8'}

  chokidar@3.6.0:
    resolution: {integrity: sha512-7VT13fmjotKpGipCW9JEQAusEPE+Ei8nl6/g4FBAmIm0GOOLMua9NDDo/DWp0ZAxCr3cPq5ZpBqmPAQgDda2Pw==, tarball: https://registry.npmmirror.com/chokidar/-/chokidar-3.6.0.tgz}
    engines: {node: '>= 8.10.0'}

  confbox@0.1.8:
    resolution: {integrity: sha512-RMtmw0iFkeR4YV+fUOSucriAQNb9g8zFR52MWCtl+cCZOFRNL6zeB395vPzFhEjjn4fMxXudmELnl/KF/WrK6w==, tarball: https://registry.npmmirror.com/confbox/-/confbox-0.1.8.tgz}

  csstype@3.1.3:
    resolution: {integrity: sha512-M1uQkMl8rQK/szD0LNhtqxIPLpimGm8sOBwU7lLnCpSbTyY3yeU1Vc7l4KT5zT4s/yOxHH5O7tIuuLOCnLADRw==, tarball: https://registry.npmmirror.com/csstype/-/csstype-3.1.3.tgz}

  debug@4.4.0:
    resolution: {integrity: sha512-6WTZ/IxCY/T6BALoZHaE4ctp9xm+Z5kY/pzYaCHRFeyVhojxlrm+46y68HA6hr0TcwEssoxNiDEUJQjfPZ/RYA==, tarball: https://registry.npmmirror.com/debug/-/debug-4.4.0.tgz}
    engines: {node: '>=6.0'}
    peerDependencies:
      supports-color: '*'
    peerDependenciesMeta:
      supports-color:
        optional: true

  entities@4.5.0:
    resolution: {integrity: sha512-V0hjH4dGPh9Ao5p0MoRY6BVqtwCjhz6vI5LT8AJ55H+4g9/4vbHx1I54fS0XuclLhDHArPQCiMjDxjaL8fPxhw==, tarball: https://registry.npmmirror.com/entities/-/entities-4.5.0.tgz}
    engines: {node: '>=0.12'}

  esbuild@0.25.1:
    resolution: {integrity: sha512-BGO5LtrGC7vxnqucAe/rmvKdJllfGaYWdyABvyMoXQlfYMb2bbRuReWR5tEGE//4LcNJj9XrkovTqNYRFZHAMQ==, tarball: https://registry.npmmirror.com/esbuild/-/esbuild-0.25.1.tgz}
    engines: {node: '>=18'}
    hasBin: true

  estree-walker@2.0.2:
    resolution: {integrity: sha512-Rfkk/Mp/DL7JVje3u18FxFujQlTNR2q6QfMSMB7AvCBx91NGj/ba3kCfza0f6dVDbw7YlRf/nDrn7pQrCCyQ/w==, tarball: https://registry.npmmirror.com/estree-walker/-/estree-walker-2.0.2.tgz}

  fast-glob@3.3.3:
    resolution: {integrity: sha512-7MptL8U0cqcFdzIzwOTHoilX9x5BrNqye7Z/LuC7kCMRio1EMSyqRK3BEAUD7sXRq4iT4AzTVuZdhgQ2TCvYLg==, tarball: https://registry.npmmirror.com/fast-glob/-/fast-glob-3.3.3.tgz}
    engines: {node: '>=8.6.0'}

  fastq@1.19.1:
    resolution: {integrity: sha512-GwLTyxkCXjXbxqIhTsMI2Nui8huMPtnxg7krajPJAjnEG/iiOS7i+zCtWGZR9G0NBKbXKh6X9m9UIsYX/N6vvQ==, tarball: https://registry.npmmirror.com/fastq/-/fastq-1.19.1.tgz}

  fill-range@7.1.1:
    resolution: {integrity: sha512-YsGpe3WHLK8ZYi4tWDg2Jy3ebRz2rXowDxnld4bkQB00cc/1Zw9AWnC0i9ztDJitivtQvaI9KaLyKrc+hBW0yg==, tarball: https://registry.npmmirror.com/fill-range/-/fill-range-7.1.1.tgz}
    engines: {node: '>=8'}

  fsevents@2.3.3:
    resolution: {integrity: sha512-5xoDfX+fL7faATnagmWPpbFtwh/R77WmMMqqHGS65C3vvB0YHrgF+B1YmZ3441tMj5n63k0212XNoJwzlhffQw==}
    engines: {node: ^8.16.0 || ^10.6.0 || >=11.0.0}
    os: [darwin]

  glob-parent@5.1.2:
    resolution: {integrity: sha512-AOIgSQCepiJYwP3ARnGx+5VnTu2HBYdzbGP45eLw1vr3zB3vZLeyed1sC9hnbcOc9/SrMyM5RPQrkGz4aS9Zow==, tarball: https://registry.npmmirror.com/glob-parent/-/glob-parent-5.1.2.tgz}
    engines: {node: '>= 6'}

  is-binary-path@2.1.0:
    resolution: {integrity: sha512-ZMERYes6pDydyuGidse7OsHxtbI7WVeUEozgR/g7rd0xUimYNlvZRE/K2MgZTjWy725IfelLeVcEM97mmtRGXw==, tarball: https://registry.npmmirror.com/is-binary-path/-/is-binary-path-2.1.0.tgz}
    engines: {node: '>=8'}

  is-extglob@2.1.1:
    resolution: {integrity: sha512-SbKbANkN603Vi4jEZv49LeVJMn4yGwsbzZworEoyEiutsN3nJYdbO36zfhGJ6QEDpOZIFkDtnq5JRxmvl3jsoQ==, tarball: https://registry.npmmirror.com/is-extglob/-/is-extglob-2.1.1.tgz}
    engines: {node: '>=0.10.0'}

  is-glob@4.0.3:
    resolution: {integrity: sha512-xelSayHH36ZgE7ZWhli7pW34hNbNl8Ojv5KVmkJD4hBdD3th8Tfk9vYasLM+mXWOZhFkgZfxhLSnrwRr4elSSg==, tarball: https://registry.npmmirror.com/is-glob/-/is-glob-4.0.3.tgz}
    engines: {node: '>=0.10.0'}

  is-number@7.0.0:
    resolution: {integrity: sha512-41Cifkg6e8TylSpdtTpeLVMqvSBEVzTttHvERD741+pnZ8ANv0004MRL43QKPDlK9cGvNp6NZWZUBlbGXYxxng==, tarball: https://registry.npmmirror.com/is-number/-/is-number-7.0.0.tgz}
    engines: {node: '>=0.12.0'}

  local-pkg@0.5.1:
    resolution: {integrity: sha512-9rrA30MRRP3gBD3HTGnC6cDFpaE1kVDWxWgqWJUN0RvDNAo+Nz/9GxB+nHOH0ifbVFy0hSA1V6vFDvnx54lTEQ==, tarball: https://registry.npmmirror.com/local-pkg/-/local-pkg-0.5.1.tgz}
    engines: {node: '>=14'}

  magic-string@0.30.17:
    resolution: {integrity: sha512-sNPKHvyjVf7gyjwS4xGTaW/mCnF8wnjtifKBEhxfZ7E/S8tQ0rssrwGNn6q8JH/ohItJfSQp9mBtQYuTlH5QnA==, tarball: https://registry.npmmirror.com/magic-string/-/magic-string-0.30.17.tgz}

  merge2@1.4.1:
    resolution: {integrity: sha512-8q7VEgMJW4J8tcfVPy8g09NcQwZdbwFEqhe/WZkoIzjn/3TGDwtOCYtXGxA3O8tPzpczCCDgv+P2P5y00ZJOOg==, tarball: https://registry.npmmirror.com/merge2/-/merge2-1.4.1.tgz}
    engines: {node: '>= 8'}

  micromatch@4.0.8:
    resolution: {integrity: sha512-PXwfBhYu0hBCPw8Dn0E+WDYb7af3dSLVWKi3HGv84IdF4TyFoC0ysxFd0Goxw7nSv4T/PzEJQxsYsEiFCKo2BA==, tarball: https://registry.npmmirror.com/micromatch/-/micromatch-4.0.8.tgz}
    engines: {node: '>=8.6'}

  minimatch@9.0.5:
    resolution: {integrity: sha512-G6T0ZX48xgozx7587koeX9Ys2NYy6Gmv//P89sEte9V9whIapMNF4idKxnW2QtCcLiTWlb/wfCabAtAFWhhBow==, tarball: https://registry.npmmirror.com/minimatch/-/minimatch-9.0.5.tgz}
    engines: {node: '>=16 || 14 >=14.17'}

  mlly@1.7.4:
    resolution: {integrity: sha512-qmdSIPC4bDJXgZTCR7XosJiNKySV7O215tsPtDN9iEO/7q/76b/ijtgRu/+epFXSJhijtTCCGp3DWS549P3xKw==, tarball: https://registry.npmmirror.com/mlly/-/mlly-1.7.4.tgz}

  ms@2.1.3:
    resolution: {integrity: sha512-6FlzubTLZG3J2a/NVCAleEhjzq5oxgHyaCU9yYXvcLsvoVaHJq/s5xXI6/XXP6tz7R9xAOtHnSO/tXtF3WRTlA==, tarball: https://registry.npmmirror.com/ms/-/ms-2.1.3.tgz}

  nanoid@3.3.11:
    resolution: {integrity: sha512-N8SpfPUnUp1bK+PMYW8qSWdl9U+wwNWI4QKxOYDy9JAro3WMX7p2OeVRF9v+347pnakNevPmiHhNmZ2HbFA76w==, tarball: https://registry.npmmirror.com/nanoid/-/nanoid-3.3.11.tgz}
    engines: {node: ^10 || ^12 || ^13.7 || ^14 || >=15.0.1}
    hasBin: true

  normalize-path@3.0.0:
    resolution: {integrity: sha512-6eZs5Ls3WtCisHWp9S2GUy8dqkpGi4BVSz3GaqiE6ezub0512ESztXUwUB6C6IKbQkY2Pnb/mD4WYojCRwcwLA==, tarball: https://registry.npmmirror.com/normalize-path/-/normalize-path-3.0.0.tgz}
    engines: {node: '>=0.10.0'}

  pathe@2.0.3:
    resolution: {integrity: sha512-WUjGcAqP1gQacoQe+OBJsFA7Ld4DyXuUIjZ5cc75cLHvJ7dtNsTugphxIADwspS+AraAUePCKrSVtPLFj/F88w==, tarball: https://registry.npmmirror.com/pathe/-/pathe-2.0.3.tgz}

  picocolors@1.1.1:
    resolution: {integrity: sha512-xceH2snhtb5M9liqDsmEw56le376mTZkEX/jEb/RxNFyegNul7eNslCXP9FDj/Lcu0X8KEyMceP2ntpaHrDEVA==, tarball: https://registry.npmmirror.com/picocolors/-/picocolors-1.1.1.tgz}

  picomatch@2.3.1:
    resolution: {integrity: sha512-JU3teHTNjmE2VCGFzuY8EXzCDVwEqB2a8fsIvwaStHhAWJEeVd1o1QD80CU6+ZdEXXSLbSsuLwJjkCBWqRQUVA==, tarball: https://registry.npmmirror.com/picomatch/-/picomatch-2.3.1.tgz}
    engines: {node: '>=8.6'}

  picomatch@4.0.2:
    resolution: {integrity: sha512-M7BAV6Rlcy5u+m6oPhAPFgJTzAioX/6B0DxyvDlo9l8+T3nLKbrczg2WLUyzd45L8RqfUMyGPzekbMvX2Ldkwg==, tarball: https://registry.npmmirror.com/picomatch/-/picomatch-4.0.2.tgz}
    engines: {node: '>=12'}

  pkg-types@1.3.1:
    resolution: {integrity: sha512-/Jm5M4RvtBFVkKWRu2BLUTNP8/M2a+UwuAX+ae4770q1qVGtfjG+WTCupoZixokjmHiry8uI+dlY8KXYV5HVVQ==, tarball: https://registry.npmmirror.com/pkg-types/-/pkg-types-1.3.1.tgz}

  postcss@8.5.3:
    resolution: {integrity: sha512-dle9A3yYxlBSrt8Fu+IpjGT8SY8hN0mlaA6GY8t0P5PjIOZemULz/E2Bnm/2dcUOena75OTNkHI76uZBNUUq3A==, tarball: https://registry.npmmirror.com/postcss/-/postcss-8.5.3.tgz}
    engines: {node: ^10 || ^12 || >=14}

  primeicons@7.0.0:
    resolution: {integrity: sha512-jK3Et9UzwzTsd6tzl2RmwrVY/b8raJ3QZLzoDACj+oTJ0oX7L9Hy+XnVwgo4QVKlKpnP/Ur13SXV/pVh4LzaDw==, tarball: https://registry.npmmirror.com/primeicons/-/primeicons-7.0.0.tgz}

  primevue@4.3.2:
    resolution: {integrity: sha512-TCCLu66k0pW8LmL8ho4w8evPEwc1agCP4ojY5OIsr2pqYepzBqlsSP2GSSv+Kv5EwWqg4ufh0bor+XVJl9sIVw==, tarball: https://registry.npmmirror.com/primevue/-/primevue-4.3.2.tgz}
    engines: {node: '>=12.11.0'}

  queue-microtask@1.2.3:
    resolution: {integrity: sha512-NuaNSa6flKT5JaSYQzJok04JzTL1CA6aGhv5rfLW3PgqA+M2ChpZQnAC8h8i4ZFkBS8X5RqkDBHA7r4hej3K9A==, tarball: https://registry.npmmirror.com/queue-microtask/-/queue-microtask-1.2.3.tgz}

  readdirp@3.6.0:
    resolution: {integrity: sha512-hOS089on8RduqdbhvQ5Z37A0ESjsqz6qnRcffsMU3495FuTdqSm+7bhJ29JvIOsBDEEnan5DPu9t3To9VRlMzA==, tarball: https://registry.npmmirror.com/readdirp/-/readdirp-3.6.0.tgz}
    engines: {node: '>=8.10.0'}

  reusify@1.1.0:
    resolution: {integrity: sha512-g6QUff04oZpHs0eG5p83rFLhHeV00ug/Yf9nZM6fLeUrPguBTkTQOdpAWWspMh55TZfVQDPaN3NQJfbVRAxdIw==, tarball: https://registry.npmmirror.com/reusify/-/reusify-1.1.0.tgz}
    engines: {iojs: '>=1.0.0', node: '>=0.10.0'}

  rollup@4.37.0:
    resolution: {integrity: sha512-iAtQy/L4QFU+rTJ1YUjXqJOJzuwEghqWzCEYD2FEghT7Gsy1VdABntrO4CLopA5IkflTyqNiLNwPcOJ3S7UKLg==, tarball: https://registry.npmmirror.com/rollup/-/rollup-4.37.0.tgz}
    engines: {node: '>=18.0.0', npm: '>=8.0.0'}
    hasBin: true

  run-parallel@1.2.0:
    resolution: {integrity: sha512-5l4VyZR86LZ/lDxZTR6jqL8AFE2S0IFLMP26AbjsLVADxHdhB/c0GUsH+y39UfCi3dzz8OlQuPmnaJOMoDHQBA==, tarball: https://registry.npmmirror.com/run-parallel/-/run-parallel-1.2.0.tgz}

  source-map-js@1.2.1:
    resolution: {integrity: sha512-UXWMKhLOwVKb728IUtQPXxfYU+usdybtUrK/8uGE8CQMvrhOpwvzDBwj0QhSL7MQc7vIsISBG8VQ8+IDQxpfQA==, tarball: https://registry.npmmirror.com/source-map-js/-/source-map-js-1.2.1.tgz}
    engines: {node: '>=0.10.0'}

  to-regex-range@5.0.1:
    resolution: {integrity: sha512-65P7iz6X5yEr1cwcgvQxbbIw7Uk3gOy5dIdtZ4rDveLqhrdJP+Li/Hx6tyK0NEb+2GCyneCMJiGqrADCSNk8sQ==, tarball: https://registry.npmmirror.com/to-regex-range/-/to-regex-range-5.0.1.tgz}
    engines: {node: '>=8.0'}

  ufo@1.5.4:
    resolution: {integrity: sha512-UsUk3byDzKd04EyoZ7U4DOlxQaD14JUKQl6/P7wiX4FNvUfm3XL246n9W5AmqwW5RSFJ27NAuM0iLscAOYUiGQ==, tarball: https://registry.npmmirror.com/ufo/-/ufo-1.5.4.tgz}

  unplugin-vue-components@0.28.0:
    resolution: {integrity: sha512-jiTGtJ3JsRFBjgvyilfrX7yUoGKScFgbdNw+6p6kEXU+Spf/rhxzgvdfuMcvhCcLmflB/dY3pGQshYBVGOUx7Q==, tarball: https://registry.npmmirror.com/unplugin-vue-components/-/unplugin-vue-components-0.28.0.tgz}
    engines: {node: '>=14'}
    peerDependencies:
      '@babel/parser': ^7.15.8
      '@nuxt/kit': ^3.2.2
      vue: 2 || 3
    peerDependenciesMeta:
      '@babel/parser':
        optional: true
      '@nuxt/kit':
        optional: true

  unplugin@2.2.2:
    resolution: {integrity: sha512-Qp+iiD+qCRnUek+nDoYvtWX7tfnYyXsrOnJ452FRTgOyKmTM7TUJ3l+PLPJOOWPTUyKISKp4isC5JJPSXUjGgw==, tarball: https://registry.npmmirror.com/unplugin/-/unplugin-2.2.2.tgz}
    engines: {node: '>=18.12.0'}

  vite@6.2.3:
    resolution: {integrity: sha512-IzwM54g4y9JA/xAeBPNaDXiBF8Jsgl3VBQ2YQ/wOY6fyW3xMdSoltIV3Bo59DErdqdE6RxUfv8W69DvUorE4Eg==, tarball: https://registry.npmmirror.com/vite/-/vite-6.2.3.tgz}
    engines: {node: ^18.0.0 || ^20.0.0 || >=22.0.0}
    hasBin: true
    peerDependencies:
      '@types/node': ^18.0.0 || ^20.0.0 || >=22.0.0
      jiti: '>=1.21.0'
      less: '*'
      lightningcss: ^1.21.0
      sass: '*'
      sass-embedded: '*'
      stylus: '*'
      sugarss: '*'
      terser: ^5.16.0
      tsx: ^4.8.1
      yaml: ^2.4.2
    peerDependenciesMeta:
      '@types/node':
        optional: true
      jiti:
        optional: true
      less:
        optional: true
      lightningcss:
        optional: true
      sass:
        optional: true
      sass-embedded:
        optional: true
      stylus:
        optional: true
      sugarss:
        optional: true
      terser:
        optional: true
      tsx:
        optional: true
      yaml:
        optional: true

  vue@3.5.13:
    resolution: {integrity: sha512-wmeiSMxkZCSc+PM2w2VRsOYAZC8GdipNFRTsLSfodVqI9mbejKeXEGr8SckuLnrQPGe3oJN5c3K0vpoU9q/wCQ==, tarball: https://registry.npmmirror.com/vue/-/vue-3.5.13.tgz}
    peerDependencies:
      typescript: '*'
    peerDependenciesMeta:
      typescript:
        optional: true

  webpack-virtual-modules@0.6.2:
    resolution: {integrity: sha512-66/V2i5hQanC51vBQKPH4aI8NMAcBW59FVBs+rC7eGHupMyfn34q7rZIE+ETlJ+XTevqfUhVVBgSUNSW2flEUQ==, tarball: https://registry.npmmirror.com/webpack-virtual-modules/-/webpack-virtual-modules-0.6.2.tgz}

snapshots:

  '@antfu/utils@0.7.10': {}

  '@babel/helper-string-parser@7.25.9': {}

  '@babel/helper-validator-identifier@7.25.9': {}

  '@babel/parser@7.27.0':
    dependencies:
      '@babel/types': 7.27.0

  '@babel/types@7.27.0':
    dependencies:
      '@babel/helper-string-parser': 7.25.9
      '@babel/helper-validator-identifier': 7.25.9

  '@esbuild/aix-ppc64@0.25.1':
    optional: true

  '@esbuild/android-arm64@0.25.1':
    optional: true

  '@esbuild/android-arm@0.25.1':
    optional: true

  '@esbuild/android-x64@0.25.1':
    optional: true

  '@esbuild/darwin-arm64@0.25.1':
    optional: true

  '@esbuild/darwin-x64@0.25.1':
    optional: true

  '@esbuild/freebsd-arm64@0.25.1':
    optional: true

  '@esbuild/freebsd-x64@0.25.1':
    optional: true

  '@esbuild/linux-arm64@0.25.1':
    optional: true

  '@esbuild/linux-arm@0.25.1':
    optional: true

  '@esbuild/linux-ia32@0.25.1':
    optional: true

  '@esbuild/linux-loong64@0.25.1':
    optional: true

  '@esbuild/linux-mips64el@0.25.1':
    optional: true

  '@esbuild/linux-ppc64@0.25.1':
    optional: true

  '@esbuild/linux-riscv64@0.25.1':
    optional: true

  '@esbuild/linux-s390x@0.25.1':
    optional: true

  '@esbuild/linux-x64@0.25.1':
    optional: true

  '@esbuild/netbsd-arm64@0.25.1':
    optional: true

  '@esbuild/netbsd-x64@0.25.1':
    optional: true

  '@esbuild/openbsd-arm64@0.25.1':
    optional: true

  '@esbuild/openbsd-x64@0.25.1':
    optional: true

  '@esbuild/sunos-x64@0.25.1':
    optional: true

  '@esbuild/win32-arm64@0.25.1':
    optional: true

  '@esbuild/win32-ia32@0.25.1':
    optional: true

  '@esbuild/win32-x64@0.25.1':
    optional: true

  '@jridgewell/sourcemap-codec@1.5.0': {}

  '@nodelib/fs.scandir@2.1.5':
    dependencies:
      '@nodelib/fs.stat': 2.0.5
      run-parallel: 1.2.0

  '@nodelib/fs.stat@2.0.5': {}

  '@nodelib/fs.walk@1.2.8':
    dependencies:
      '@nodelib/fs.scandir': 2.1.5
      fastq: 1.19.1

  '@primeuix/styled@0.5.0':
    dependencies:
      '@primeuix/utils': 0.5.1

  '@primeuix/styles@1.0.0':
    dependencies:
      '@primeuix/styled': 0.5.0

  '@primeuix/themes@1.0.0':
    dependencies:
      '@primeuix/styled': 0.5.0

  '@primeuix/utils@0.5.1': {}

  '@primevue/auto-import-resolver@4.3.2':
    dependencies:
      '@primevue/metadata': 4.3.2

  '@primevue/core@4.3.2(vue@3.5.13)':
    dependencies:
      '@primeuix/styled': 0.5.0
      '@primeuix/utils': 0.5.1
      vue: 3.5.13

  '@primevue/icons@4.3.2(vue@3.5.13)':
    dependencies:
      '@primeuix/utils': 0.5.1
      '@primevue/core': 4.3.2(vue@3.5.13)
    transitivePeerDependencies:
      - vue

  '@primevue/metadata@4.3.2': {}

  '@primevue/themes@4.3.2':
    dependencies:
      '@primeuix/styled': 0.5.0
      '@primeuix/themes': 1.0.0

  '@rollup/pluginutils@5.1.4(rollup@4.37.0)':
    dependencies:
      '@types/estree': 1.0.7
      estree-walker: 2.0.2
      picomatch: 4.0.2
    optionalDependencies:
      rollup: 4.37.0

  '@rollup/rollup-android-arm-eabi@4.37.0':
    optional: true

  '@rollup/rollup-android-arm64@4.37.0':
    optional: true

  '@rollup/rollup-darwin-arm64@4.37.0':
    optional: true

  '@rollup/rollup-darwin-x64@4.37.0':
    optional: true

  '@rollup/rollup-freebsd-arm64@4.37.0':
    optional: true

  '@rollup/rollup-freebsd-x64@4.37.0':
    optional: true

  '@rollup/rollup-linux-arm-gnueabihf@4.37.0':
    optional: true

  '@rollup/rollup-linux-arm-musleabihf@4.37.0':
    optional: true

  '@rollup/rollup-linux-arm64-gnu@4.37.0':
    optional: true

  '@rollup/rollup-linux-arm64-musl@4.37.0':
    optional: true

  '@rollup/rollup-linux-loongarch64-gnu@4.37.0':
    optional: true

  '@rollup/rollup-linux-powerpc64le-gnu@4.37.0':
    optional: true

  '@rollup/rollup-linux-riscv64-gnu@4.37.0':
    optional: true

  '@rollup/rollup-linux-riscv64-musl@4.37.0':
    optional: true

  '@rollup/rollup-linux-s390x-gnu@4.37.0':
    optional: true

  '@rollup/rollup-linux-x64-gnu@4.37.0':
    optional: true

  '@rollup/rollup-linux-x64-musl@4.37.0':
    optional: true

  '@rollup/rollup-win32-arm64-msvc@4.37.0':
    optional: true

  '@rollup/rollup-win32-ia32-msvc@4.37.0':
    optional: true

  '@rollup/rollup-win32-x64-msvc@4.37.0':
    optional: true

  '@types/estree@1.0.6': {}

  '@types/estree@1.0.7': {}

  '@vitejs/plugin-vue@5.2.3(vite@6.2.3)(vue@3.5.13)':
    dependencies:
      vite: 6.2.3
      vue: 3.5.13

  '@vue/compiler-core@3.5.13':
    dependencies:
      '@babel/parser': 7.27.0
      '@vue/shared': 3.5.13
      entities: 4.5.0
      estree-walker: 2.0.2
      source-map-js: 1.2.1

  '@vue/compiler-dom@3.5.13':
    dependencies:
      '@vue/compiler-core': 3.5.13
      '@vue/shared': 3.5.13

  '@vue/compiler-sfc@3.5.13':
    dependencies:
      '@babel/parser': 7.27.0
      '@vue/compiler-core': 3.5.13
      '@vue/compiler-dom': 3.5.13
      '@vue/compiler-ssr': 3.5.13
      '@vue/shared': 3.5.13
      estree-walker: 2.0.2
      magic-string: 0.30.17
      postcss: 8.5.3
      source-map-js: 1.2.1

  '@vue/compiler-ssr@3.5.13':
    dependencies:
      '@vue/compiler-dom': 3.5.13
      '@vue/shared': 3.5.13

  '@vue/reactivity@3.5.13':
    dependencies:
      '@vue/shared': 3.5.13

  '@vue/runtime-core@3.5.13':
    dependencies:
      '@vue/reactivity': 3.5.13
      '@vue/shared': 3.5.13

  '@vue/runtime-dom@3.5.13':
    dependencies:
      '@vue/reactivity': 3.5.13
      '@vue/runtime-core': 3.5.13
      '@vue/shared': 3.5.13
      csstype: 3.1.3

  '@vue/server-renderer@3.5.13(vue@3.5.13)':
    dependencies:
      '@vue/compiler-ssr': 3.5.13
      '@vue/shared': 3.5.13
      vue: 3.5.13

  '@vue/shared@3.5.13': {}

  acorn@8.14.1: {}

  ag-charts-community@11.2.1:
    dependencies:
      ag-charts-core: 11.2.1
      ag-charts-locale: 11.2.1
      ag-charts-types: 11.2.1
    optional: true

  ag-charts-core@11.2.1:
    dependencies:
      ag-charts-types: 11.2.1
    optional: true

  ag-charts-enterprise@11.2.1:
    dependencies:
      ag-charts-community: 11.2.1
      ag-charts-core: 11.2.1
    optional: true

  ag-charts-locale@11.2.1:
    optional: true

  ag-charts-types@11.2.1: {}

  ag-grid-community@33.2.1:
    dependencies:
      ag-charts-types: 11.2.1

  ag-grid-enterprise@33.2.1:
    dependencies:
      ag-grid-community: 33.2.1
    optionalDependencies:
      ag-charts-community: 11.2.1
      ag-charts-enterprise: 11.2.1

  ag-grid-vue3@33.2.1(vue@3.5.13):
    dependencies:
      ag-grid-community: 33.2.1
      vue: 3.5.13

  anymatch@3.1.3:
    dependencies:
      normalize-path: 3.0.0
      picomatch: 2.3.1

  balanced-match@1.0.2: {}

  binary-extensions@2.3.0: {}

  brace-expansion@2.0.1:
    dependencies:
      balanced-match: 1.0.2

  braces@3.0.3:
    dependencies:
      fill-range: 7.1.1

  chokidar@3.6.0:
    dependencies:
      anymatch: 3.1.3
      braces: 3.0.3
      glob-parent: 5.1.2
      is-binary-path: 2.1.0
      is-glob: 4.0.3
      normalize-path: 3.0.0
      readdirp: 3.6.0
    optionalDependencies:
      fsevents: 2.3.3

  confbox@0.1.8: {}

  csstype@3.1.3: {}

  debug@4.4.0:
    dependencies:
      ms: 2.1.3

  entities@4.5.0: {}

  esbuild@0.25.1:
    optionalDependencies:
      '@esbuild/aix-ppc64': 0.25.1
      '@esbuild/android-arm': 0.25.1
      '@esbuild/android-arm64': 0.25.1
      '@esbuild/android-x64': 0.25.1
      '@esbuild/darwin-arm64': 0.25.1
      '@esbuild/darwin-x64': 0.25.1
      '@esbuild/freebsd-arm64': 0.25.1
      '@esbuild/freebsd-x64': 0.25.1
      '@esbuild/linux-arm': 0.25.1
      '@esbuild/linux-arm64': 0.25.1
      '@esbuild/linux-ia32': 0.25.1
      '@esbuild/linux-loong64': 0.25.1
      '@esbuild/linux-mips64el': 0.25.1
      '@esbuild/linux-ppc64': 0.25.1
      '@esbuild/linux-riscv64': 0.25.1
      '@esbuild/linux-s390x': 0.25.1
      '@esbuild/linux-x64': 0.25.1
      '@esbuild/netbsd-arm64': 0.25.1
      '@esbuild/netbsd-x64': 0.25.1
      '@esbuild/openbsd-arm64': 0.25.1
      '@esbuild/openbsd-x64': 0.25.1
      '@esbuild/sunos-x64': 0.25.1
      '@esbuild/win32-arm64': 0.25.1
      '@esbuild/win32-ia32': 0.25.1
      '@esbuild/win32-x64': 0.25.1

  estree-walker@2.0.2: {}

  fast-glob@3.3.3:
    dependencies:
      '@nodelib/fs.stat': 2.0.5
      '@nodelib/fs.walk': 1.2.8
      glob-parent: 5.1.2
      merge2: 1.4.1
      micromatch: 4.0.8

  fastq@1.19.1:
    dependencies:
      reusify: 1.1.0

  fill-range@7.1.1:
    dependencies:
      to-regex-range: 5.0.1

  fsevents@2.3.3:
    optional: true

  glob-parent@5.1.2:
    dependencies:
      is-glob: 4.0.3

  is-binary-path@2.1.0:
    dependencies:
      binary-extensions: 2.3.0

  is-extglob@2.1.1: {}

  is-glob@4.0.3:
    dependencies:
      is-extglob: 2.1.1

  is-number@7.0.0: {}

  local-pkg@0.5.1:
    dependencies:
      mlly: 1.7.4
      pkg-types: 1.3.1

  magic-string@0.30.17:
    dependencies:
      '@jridgewell/sourcemap-codec': 1.5.0

  merge2@1.4.1: {}

  micromatch@4.0.8:
    dependencies:
      braces: 3.0.3
      picomatch: 2.3.1

  minimatch@9.0.5:
    dependencies:
      brace-expansion: 2.0.1

  mlly@1.7.4:
    dependencies:
      acorn: 8.14.1
      pathe: 2.0.3
      pkg-types: 1.3.1
      ufo: 1.5.4

  ms@2.1.3: {}

  nanoid@3.3.11: {}

  normalize-path@3.0.0: {}

  pathe@2.0.3: {}

  picocolors@1.1.1: {}

  picomatch@2.3.1: {}

  picomatch@4.0.2: {}

  pkg-types@1.3.1:
    dependencies:
      confbox: 0.1.8
      mlly: 1.7.4
      pathe: 2.0.3

  postcss@8.5.3:
    dependencies:
      nanoid: 3.3.11
      picocolors: 1.1.1
      source-map-js: 1.2.1

  primeicons@7.0.0: {}

  primevue@4.3.2(vue@3.5.13):
    dependencies:
      '@primeuix/styled': 0.5.0
      '@primeuix/styles': 1.0.0
      '@primeuix/utils': 0.5.1
      '@primevue/core': 4.3.2(vue@3.5.13)
      '@primevue/icons': 4.3.2(vue@3.5.13)
    transitivePeerDependencies:
      - vue

  queue-microtask@1.2.3: {}

  readdirp@3.6.0:
    dependencies:
      picomatch: 2.3.1

  reusify@1.1.0: {}

  rollup@4.37.0:
    dependencies:
      '@types/estree': 1.0.6
    optionalDependencies:
      '@rollup/rollup-android-arm-eabi': 4.37.0
      '@rollup/rollup-android-arm64': 4.37.0
      '@rollup/rollup-darwin-arm64': 4.37.0
      '@rollup/rollup-darwin-x64': 4.37.0
      '@rollup/rollup-freebsd-arm64': 4.37.0
      '@rollup/rollup-freebsd-x64': 4.37.0
      '@rollup/rollup-linux-arm-gnueabihf': 4.37.0
      '@rollup/rollup-linux-arm-musleabihf': 4.37.0
      '@rollup/rollup-linux-arm64-gnu': 4.37.0
      '@rollup/rollup-linux-arm64-musl': 4.37.0
      '@rollup/rollup-linux-loongarch64-gnu': 4.37.0
      '@rollup/rollup-linux-powerpc64le-gnu': 4.37.0
      '@rollup/rollup-linux-riscv64-gnu': 4.37.0
      '@rollup/rollup-linux-riscv64-musl': 4.37.0
      '@rollup/rollup-linux-s390x-gnu': 4.37.0
      '@rollup/rollup-linux-x64-gnu': 4.37.0
      '@rollup/rollup-linux-x64-musl': 4.37.0
      '@rollup/rollup-win32-arm64-msvc': 4.37.0
      '@rollup/rollup-win32-ia32-msvc': 4.37.0
      '@rollup/rollup-win32-x64-msvc': 4.37.0
      fsevents: 2.3.3

  run-parallel@1.2.0:
    dependencies:
      queue-microtask: 1.2.3

  source-map-js@1.2.1: {}

  to-regex-range@5.0.1:
    dependencies:
      is-number: 7.0.0

  ufo@1.5.4: {}

  unplugin-vue-components@0.28.0(@babel/parser@7.27.0)(rollup@4.37.0)(vue@3.5.13):
    dependencies:
      '@antfu/utils': 0.7.10
      '@rollup/pluginutils': 5.1.4(rollup@4.37.0)
      chokidar: 3.6.0
      debug: 4.4.0
      fast-glob: 3.3.3
      local-pkg: 0.5.1
      magic-string: 0.30.17
      minimatch: 9.0.5
      mlly: 1.7.4
      unplugin: 2.2.2
      vue: 3.5.13
    optionalDependencies:
      '@babel/parser': 7.27.0
    transitivePeerDependencies:
      - rollup
      - supports-color

  unplugin@2.2.2:
    dependencies:
      acorn: 8.14.1
      webpack-virtual-modules: 0.6.2

  vite@6.2.3:
    dependencies:
      esbuild: 0.25.1
      postcss: 8.5.3
      rollup: 4.37.0
    optionalDependencies:
      fsevents: 2.3.3

  vue@3.5.13:
    dependencies:
      '@vue/compiler-dom': 3.5.13
      '@vue/compiler-sfc': 3.5.13
      '@vue/runtime-dom': 3.5.13
      '@vue/server-renderer': 3.5.13(vue@3.5.13)
      '@vue/shared': 3.5.13

  webpack-virtual-modules@0.6.2: {}
